
Microsoft Visual Studio Solution File, Format Version 12.00
# Visual Studio Version 16
VisualStudioVersion = 16.0.28729.10
MinimumVisualStudioVersion = 10.0.40219.1
Project("{9A19103F-16F7-4668-BE54-9A1E7A4F7556}") = "mlnet_trainer", "mlnet_trainer\mlnet_trainer.csproj", "{27AB1F91-ABB3-47AA-8039-C72E337C92DC}"
EndProject
Project("{9A19103F-16F7-4668-BE54-9A1E7A4F7556}") = "mlnet_webapi", "mlnet_webapi\mlnet_webapi.csproj", "{F6E1C1CE-80A5-4904-B70D-EE0523EECAA2}"
EndProject
Project("{9A19103F-16F7-4668-BE54-9A1E7A4F7556}") = "mlnet_model", "mlnet_model\mlnet_model.csproj", "{918B5552-2799-473F-88E3-A0B937FA9DC9}"
EndProject
Project("{2150E333-8FDC-42A3-9474-1A3956D46DE8}") = "Solution Items", "Solution Items", "{639606CF-E841-4E4C-8BA3-2634A986F4D7}"
	ProjectSection(SolutionItems) = preProject
		docker-compose.yml = docker-compose.yml
		k8s.deploy.yml = k8s.deploy.yml
	EndProjectSection
EndProject
Global
	GlobalSection(SolutionConfigurationPlatforms) = preSolution
		Debug|Any CPU = Debug|Any CPU
		Release|Any CPU = Release|Any CPU
	EndGlobalSection
	GlobalSection(ProjectConfigurationPlatforms) = postSolution
		{27AB1F91-ABB3-47AA-8039-C72E337C92DC}.Debug|Any CPU.ActiveCfg = Debug|Any CPU
		{27AB1F91-ABB3-47AA-8039-C72E337C92DC}.Debug|Any CPU.Build.0 = Debug|Any CPU
		{27AB1F91-ABB3-47AA-8039-C72E337C92DC}.Release|Any CPU.ActiveCfg = Release|Any CPU
		{27AB1F91-ABB3-47AA-8039-C72E337C92DC}.Release|Any CPU.Build.0 = Release|Any CPU
		{F6E1C1CE-80A5-4904-B70D-EE0523EECAA2}.Debug|Any CPU.ActiveCfg = Debug|Any CPU
		{F6E1C1CE-80A5-4904-B70D-EE0523EECAA2}.Debug|Any CPU.Build.0 = Debug|Any CPU
		{F6E1C1CE-80A5-4904-B70D-EE0523EECAA2}.Release|Any CPU.ActiveCfg = Release|Any CPU
		{F6E1C1CE-80A5-4904-B70D-EE0523EECAA2}.Release|Any CPU.Build.0 = Release|Any CPU
		{918B5552-2799-473F-88E3-A0B937FA9DC9}.Debug|Any CPU.ActiveCfg = Debug|Any CPU
		{918B5552-2799-473F-88E3-A0B937FA9DC9}.Debug|Any CPU.Build.0 = Debug|Any CPU
		{918B5552-2799-473F-88E3-A0B937FA9DC9}.Release|Any CPU.ActiveCfg = Release|Any CPU
		{918B5552-2799-473F-88E3-A0B937FA9DC9}.Release|Any CPU.Build.0 = Release|Any CPU
	EndGlobalSection
	GlobalSection(SolutionProperties) = preSolution
		HideSolutionNode = FALSE
	EndGlobalSection
	GlobalSection(ExtensibilityGlobals) = postSolution
		SolutionGuid = {0C7D6F1C-6097-4B47-9ED1-39BD56C09D0F}
	EndGlobalSection
EndGlobal
